// !$*UTF8*$!
{
	archiveVersion = 1;
	classes = {
	};
	objectVersion = 50;
	objects = {

/* Begin PBXBuildFile section */
		D874BE0F22077E8B00E3E909 /* AppDelegate.swift in Sources */ = {isa = PBXBuildFile; fileRef = D874BE0E22077E8B00E3E909 /* AppDelegate.swift */; };
		D874BE1122077E8B00E3E909 /* ViewController.swift in Sources */ = {isa = PBXBuildFile; fileRef = D874BE1022077E8B00E3E909 /* ViewController.swift */; };
		D874BE1422077E8B00E3E909 /* Main.storyboard in Resources */ = {isa = PBXBuildFile; fileRef = D874BE1222077E8B00E3E909 /* Main.storyboard */; };
		D874BE1622077E8C00E3E909 /* Assets.xcassets in Resources */ = {isa = PBXBuildFile; fileRef = D874BE1522077E8C00E3E909 /* Assets.xcassets */; };
		D874BE1922077E8C00E3E909 /* LaunchScreen.storyboard in Resources */ = {isa = PBXBuildFile; fileRef = D874BE1722077E8C00E3E909 /* LaunchScreen.storyboard */; };
		D874BE2422077E8C00E3E909 /* TestTests.swift in Sources */ = {isa = PBXBuildFile; fileRef = D874BE2322077E8C00E3E909 /* TestTests.swift */; };
		D874BE2F22077E8C00E3E909 /* TestUITests.swift in Sources */ = {isa = PBXBuildFile; fileRef = D874BE2E22077E8C00E3E909 /* TestUITests.swift */; };
/* End PBXBuildFile section */

/* Begin PBXContainerItemProxy section */
		D874BE2022077E8C00E3E909 /* PBXContainerItemProxy */ = {
			isa = PBXContainerItemProxy;
			containerPortal = D874BE0322077E8B00E3E909 /* Project object */;
			proxyType = 1;
			remoteGlobalIDString = D874BE0A22077E8B00E3E909;
			remoteInfo = Test;
		};
		D874BE2B22077E8C00E3E909 /* PBXContainerItemProxy */ = {
			isa = PBXContainerItemProxy;
			containerPortal = D874BE0322077E8B00E3E909 /* Project object */;
			proxyType = 1;
			remoteGlobalIDString = D874BE0A22077E8B00E3E909;
			remoteInfo = Test;
		};
/* End PBXContainerItemProxy section */

/* Begin PBXFileReference section */
		D874BE0B22077E8B00E3E909 /* Test.app */ = {isa = PBXFileReference; explicitFileType = wrapper.application; includeInIndex = 0; path = Test.app; sourceTree = BUILT_PRODUCTS_DIR; };
		D874BE0E22077E8B00E3E909 /* AppDelegate.swift */ = {isa = PBXFileReference; lastKnownFileType = sourcecode.swift; path = AppDelegate.swift; sourceTree = "<group>"; };
		D874BE1022077E8B00E3E909 /* ViewController.swift */ = {isa = PBXFileReference; lastKnownFileType = sourcecode.swift; path = ViewController.swift; sourceTree = "<group>"; };
		D874BE1322077E8B00E3E909 /* Base */ = {isa = PBXFileReference; lastKnownFileType = file.storyboard; name = Base; path = Base.lproj/Main.storyboard; sourceTree = "<group>"; };
		D874BE1522077E8C00E3E909 /* Assets.xcassets */ = {isa = PBXFileReference; lastKnownFileType = folder.assetcatalog; path = Assets.xcassets; sourceTree = "<group>"; };
		D874BE1822077E8C00E3E909 /* Base */ = {isa = PBXFileReference; lastKnownFileType = file.storyboard; name = Base; path = Base.lproj/LaunchScreen.storyboard; sourceTree = "<group>"; };
		D874BE1A22077E8C00E3E909 /* Info.plist */ = {isa = PBXFileReference; lastKnownFileType = text.plist.xml; path = Info.plist; sourceTree = "<group>"; };
		D874BE1F22077E8C00E3E909 /* TestTests.xctest */ = {isa = PBXFileReference; explicitFileType = wrapper.cfbundle; includeInIndex = 0; path = TestTests.xctest; sourceTree = BUILT_PRODUCTS_DIR; };
		D874BE2322077E8C00E3E909 /* TestTests.swift */ = {isa = PBXFileReference; lastKnownFileType = sourcecode.swift; path = TestTests.swift; sourceTree = "<group>"; };
		D874BE2522077E8C00E3E909 /* Info.plist */ = {isa = PBXFileReference; lastKnownFileType = text.plist.xml; path = Info.plist; sourceTree = "<group>"; };
		D874BE2A22077E8C00E3E909 /* TestUITests.xctest */ = {isa = PBXFileReference; explicitFileType = wrapper.cfbundle; includeInIndex = 0; path = TestUITests.xctest; sourceTree = BUILT_PRODUCTS_DIR; };
		D874BE2E22077E8C00E3E909 /* TestUITests.swift */ = {isa = PBXFileReference; lastKnownFileType = sourcecode.swift; path = TestUITests.swift; sourceTree = "<group>"; };
		D874BE3022077E8C00E3E909 /* Info.plist */ = {isa = PBXFileReference; lastKnownFileType = text.plist.xml; path = Info.plist; sourceTree = "<group>"; };
/* End PBXFileReference section */

/* Begin PBXFrameworksBuildPhase section */
		D874BE0822077E8B00E3E909 /* Frameworks */ = {
			isa = PBXFrameworksBuildPhase;
			buildActionMask = 2147483647;
			files = (
			);
			runOnlyForDeploymentPostprocessing = 0;
		};
		D874BE1C22077E8C00E3E909 /* Frameworks */ = {
			isa = PBXFrameworksBuildPhase;
			buildActionMask = 2147483647;
			files = (
			);
			runOnlyForDeploymentPostprocessing = 0;
		};
		D874BE2722077E8C00E3E909 /* Frameworks */ = {
			isa = PBXFrameworksBuildPhase;
			buildActionMask = 2147483647;
			files = (
			);
			runOnlyForDeploymentPostprocessing = 0;
		};
/* End PBXFrameworksBuildPhase section */

/* Begin PBXGroup section */
		D874BE0222077E8B00E3E909 = {
			isa = PBXGroup;
			children = (
				D874BE0D22077E8B00E3E909 /* Test */,
				D874BE2222077E8C00E3E909 /* TestTests */,
				D874BE2D22077E8C00E3E909 /* TestUITests */,
				D874BE0C22077E8B00E3E909 /* Products */,
			);
			sourceTree = "<group>";
		};
		D874BE0C22077E8B00E3E909 /* Products */ = {
			isa = PBXGroup;
			children = (
				D874BE0B22077E8B00E3E909 /* Test.app */,
				D874BE1F22077E8C00E3E909 /* TestTests.xctest */,
				D874BE2A22077E8C00E3E909 /* TestUITests.xctest */,
			);
			name = Products;
			sourceTree = "<group>";
		};
		D874BE0D22077E8B00E3E909 /* Test */ = {
			isa = PBXGroup;
			children = (
				D874BE0E22077E8B00E3E909 /* AppDelegate.swift */,
				D874BE1022077E8B00E3E909 /* ViewController.swift */,
				D874BE1222077E8B00E3E909 /* Main.storyboard */,
				D874BE1522077E8C00E3E909 /* Assets.xcassets */,
				D874BE1722077E8C00E3E909 /* LaunchScreen.storyboard */,
				D874BE1A22077E8C00E3E909 /* Info.plist */,
			);
			path = Test;
			sourceTree = "<group>";
		};
		D874BE2222077E8C00E3E909 /* TestTests */ = {
			isa = PBXGroup;
			children = (
				D874BE2322077E8C00E3E909 /* TestTests.swift */,
				D874BE2522077E8C00E3E909 /* Info.plist */,
			);
			path = TestTests;
			sourceTree = "<group>";
		};
		D874BE2D22077E8C00E3E909 /* TestUITests */ = {
			isa = PBXGroup;
			children = (
				D874BE2E22077E8C00E3E909 /* TestUITests.swift */,
				D874BE3022077E8C00E3E909 /* Info.plist */,
			);
			path = TestUITests;
			sourceTree = "<group>";
		};
/* End PBXGroup section */

/* Begin PBXNativeTarget section */
		D874BE0A22077E8B00E3E909 /* Test */ = {
			isa = PBXNativeTarget;
			buildConfigurationList = D874BE3322077E8C00E3E909 /* Build configuration list for PBXNativeTarget "Test" */;
			buildPhases = (
				D874BE0722077E8B00E3E909 /* Sources */,
				D874BE0822077E8B00E3E909 /* Frameworks */,
				D874BE0922077E8B00E3E909 /* Resources */,
			);
			buildRules = (
			);
			dependencies = (
			);
			name = Test;
			productName = Test;
			productReference = D874BE0B22077E8B00E3E909 /* Test.app */;
			productType = "com.apple.product-type.application";
		};
		D874BE1E22077E8C00E3E909 /* TestTests */ = {
			isa = PBXNativeTarget;
			buildConfigurationList = D874BE3622077E8C00E3E909 /* Build configuration list for PBXNativeTarget "TestTests" */;
			buildPhases = (
				D874BE1B22077E8C00E3E909 /* Sources */,
				D874BE1C22077E8C00E3E909 /* Frameworks */,
				D874BE1D22077E8C00E3E909 /* Resources */,
			);
			buildRules = (
			);
			dependencies = (
				D874BE2122077E8C00E3E909 /* PBXTargetDependency */,
			);
			name = TestTests;
			productName = TestTests;
			productReference = D874BE1F22077E8C00E3E909 /* TestTests.xctest */;
			productType = "com.apple.product-type.bundle.unit-test";
		};
		D874BE2922077E8C00E3E909 /* TestUITests */ = {
			isa = PBXNativeTarget;
			buildConfigurationList = D874BE3922077E8C00E3E909 /* Build configuration list for PBXNativeTarget "TestUITests" */;
			buildPhases = (
				D874BE2622077E8C00E3E909 /* Sources */,
				D874BE2722077E8C00E3E909 /* Frameworks */,
				D874BE2822077E8C00E3E909 /* Resources */,
			);
			buildRules = (
			);
			dependencies = (
				D874BE2C22077E8C00E3E909 /* PBXTargetDependency */,
			);
			name = TestUITests;
			productName = TestUITests;
			productReference = D874BE2A22077E8C00E3E909 /* TestUITests.xctest */;
			productType = "com.apple.product-type.bundle.ui-testing";
		};
/* End PBXNativeTarget section */

/* Begin PBXProject section */
		D874BE0322077E8B00E3E909 /* Project object */ = {
			isa = PBXProject;
			attributes = {
				LastSwiftUpdateCheck = 1010;
				LastUpgradeCheck = 1010;
				ORGANIZATIONNAME = Nathan;
				TargetAttributes = {
					D874BE0A22077E8B00E3E909 = {
						CreatedOnToolsVersion = 10.1;
					};
					D874BE1E22077E8C00E3E909 = {
						CreatedOnToolsVersion = 10.1;
						TestTargetID = D874BE0A22077E8B00E3E909;
					};
					D874BE2922077E8C00E3E909 = {
						CreatedOnToolsVersion = 10.1;
						TestTargetID = D874BE0A22077E8B00E3E909;
					};
				};
			};
			buildConfigurationList = D874BE0622077E8B00E3E909 /* Build configuration list for PBXProject "Test" */;
			compatibilityVersion = "Xcode 9.3";
			developmentRegion = en;
			hasScannedForEncodings = 0;
			knownRegions = (
				en,
				Base,
			);
			mainGroup = D874BE0222077E8B00E3E909;
			productRefGroup = D874BE0C22077E8B00E3E909 /* Products */;
			projectDirPath = "";
			projectRoot = "";
			targets = (
				D874BE0A22077E8B00E3E909 /* Test */,
				D874BE1E22077E8C00E3E909 /* TestTests */,
				D874BE2922077E8C00E3E909 /* TestUITests */,
			);
		};
/* End PBXProject section */

/* Begin PBXResourcesBuildPhase section */
		D874BE0922077E8B00E3E909 /* Resources */ = {
			isa = PBXResourcesBuildPhase;
			buildActionMask = 2147483647;
			files = (
				D874BE1922077E8C00E3E909 /* LaunchScreen.storyboard in Resources */,
				D874BE1622077E8C00E3E909 /* Assets.xcassets in Resources */,
				D874BE1422077E8B00E3E909 /* Main.storyboard in Resources */,
			);
			runOnlyForDeploymentPostprocessing = 0;
		};
		D874BE1D22077E8C00E3E909 /* Resources */ = {
			isa = PBXResourcesBuildPhase;
			buildActionMask = 2147483647;
			files = (
			);
			runOnlyForDeploymentPostprocessing = 0;
		};
		D874BE2822077E8C00E3E909 /* Resources */ = {
			isa = PBXResourcesBuildPhase;
			buildActionMask = 2147483647;
			files = (
			);
			runOnlyForDeploymentPostprocessing = 0;
		};
/* End PBXResourcesBuildPhase section */

/* Begin PBXSourcesBuildPhase section */
		D874BE0722077E8B00E3E909 /* Sources */ = {
			isa = PBXSourcesBuildPhase;
			buildActionMask = 2147483647;
			files = (
				D874BE1122077E8B00E3E909 /* ViewController.swift in Sources */,
				D874BE0F22077E8B00E3E909 /* AppDelegate.swift in Sources */,
			);
			runOnlyForDeploymentPostprocessing = 0;
		};
		D874BE1B22077E8C00E3E909 /* Sources */ = {
			isa = PBXSourcesBuildPhase;
			buildActionMask = 2147483647;
			files = (
				D874BE2422077E8C00E3E909 /* TestTests.swift in Sources */,
			);
			runOnlyForDeploymentPostprocessing = 0;
		};
		D874BE2622077E8C00E3E909 /* Sources */ = {
			isa = PBXSourcesBuildPhase;
			buildActionMask = 2147483647;
			files = (
				D874BE2F22077E8C00E3E909 /* TestUITests.swift in Sources */,
			);
			runOnlyForDeploymentPostprocessing = 0;
		};
/* End PBXSourcesBuildPhase section */

/* Begin PBXTargetDependency section */
		D874BE2122077E8C00E3E909 /* PBXTargetDependency */ = {
			isa = PBXTargetDependency;
			target = D874BE0A22077E8B00E3E909 /* Test */;
			targetProxy = D874BE2022077E8C00E3E909 /* PBXContainerItemProxy */;
		};
		D874BE2C22077E8C00E3E909 /* PBXTargetDependency */ = {
			isa = PBXTargetDependency;
			target = D874BE0A22077E8B00E3E909 /* Test */;
			targetProxy = D874BE2B22077E8C00E3E909 /* PBXContainerItemProxy */;
		};
/* End PBXTargetDependency section */

/* Begin PBXVariantGroup section */
		D874BE1222077E8B00E3E909 /* Main.storyboard */ = {
			isa = PBXVariantGroup;
			children = (
				D874BE1322077E8B00E3E909 /* Base */,
			);
			name = Main.storyboard;
			sourceTree = "<group>";
		};
		D874BE1722077E8C00E3E909 /* LaunchScreen.storyboard */ = {
			isa = PBXVariantGroup;
			children = (
				D874BE1822077E8C00E3E909 /* Base */,
			);
			name = LaunchScreen.storyboard;
			sourceTree = "<group>";
		};
/* End PBXVariantGroup section */

/* Begin XCBuildConfiguration section */
		D874BE3122077E8C00E3E909 /* Debug */ = {
			isa = XCBuildConfiguration;
			buildSettings = {
				ALWAYS_SEARCH_USER_PATHS = NO;
				CLANG_ANALYZER_NONNULL = YES;
				CLANG_ANALYZER_NUMBER_OBJECT_CONVERSION = YES_AGGRESSIVE;
				CLANG_CXX_LANGUAGE_STANDARD = "gnu++14";
				CLANG_CXX_LIBRARY = "libc++";
				CLANG_ENABLE_MODULES = YES;
				CLANG_ENABLE_OBJC_ARC = YES;
				CLANG_ENABLE_OBJC_WEAK = YES;
				CLANG_WARN_BLOCK_CAPTURE_AUTORELEASING = YES;
				CLANG_WARN_BOOL_CONVERSION = YES;
				CLANG_WARN_COMMA = YES;
				CLANG_WARN_CONSTANT_CONVERSION = YES;
				CLANG_WARN_DEPRECATED_OBJC_IMPLEMENTATIONS = YES;
				CLANG_WARN_DIRECT_OBJC_ISA_USAGE = YES_ERROR;
				CLANG_WARN_DOCUMENTATION_COMMENTS = YES;
				CLANG_WARN_EMPTY_BODY = YES;
				CLANG_WARN_ENUM_CONVERSION = YES;
				CLANG_WARN_INFINITE_RECURSION = YES;
				CLANG_WARN_INT_CONVERSION = YES;
				CLANG_WARN_NON_LITERAL_NULL_CONVERSION = YES;
				CLANG_WARN_OBJC_IMPLICIT_RETAIN_SELF = YES;
				CLANG_WARN_OBJC_LITERAL_CONVERSION = YES;
				CLANG_WARN_OBJC_ROOT_CLASS = YES_ERROR;
				CLANG_WARN_RANGE_LOOP_ANALYSIS = YES;
				CLANG_WARN_STRICT_PROTOTYPES = YES;
				CLANG_WARN_SUSPICIOUS_MOVE = YES;
				CLANG_WARN_UNGUARDED_AVAILABILITY = YES_AGGRESSIVE;
				CLANG_WARN_UNREACHABLE_CODE = YES;
				CLANG_WARN__DUPLICATE_METHOD_MATCH = YES;
				CODE_SIGN_IDENTITY = "iPhone Developer";
				COPY_PHASE_STRIP = NO;
				DEBUG_INFORMATION_FORMAT = dwarf;
				ENABLE_STRICT_OBJC_MSGSEND = YES;
				ENABLE_TESTABILITY = YES;
				GCC_C_LANGUAGE_STANDARD = gnu11;
				GCC_DYNAMIC_NO_PIC = NO;
				GCC_NO_COMMON_BLOCKS = YES;
				GCC_OPTIMIZATION_LEVEL = 0;
				GCC_PREPROCESSOR_DEFINITIONS = (
					"DEBUG=1",
					"$(inherited)",
				);
				GCC_WARN_64_TO_32_BIT_CONVERSION = YES;
				GCC_WARN_ABOUT_RETURN_TYPE = YES_ERROR;
				GCC_WARN_UNDECLARED_SELECTOR = YES;
				GCC_WARN_UNINITIALIZED_AUTOS = YES_AGGRESSIVE;
				GCC_WARN_UNUSED_FUNCTION = YES;
				GCC_WARN_UNUSED_VARIABLE = YES;
				IPHONEOS_DEPLOYMENT_TARGET = 12.1;
				MTL_ENABLE_DEBUG_INFO = INCLUDE_SOURCE;
				MTL_FAST_MATH = YES;
				ONLY_ACTIVE_ARCH = YES;
				SDKROOT = iphoneos;
				SWIFT_ACTIVE_COMPILATION_CONDITIONS = DEBUG;
				SWIFT_OPTIMIZATION_LEVEL = "-Onone";
			};
			name = Debug;
		};
		D874BE3222077E8C00E3E909 /* Release */ = {
			isa = XCBuildConfiguration;
			buildSettings = {
				ALWAYS_SEARCH_USER_PATHS = NO;
				CLANG_ANALYZER_NONNULL = YES;
				CLANG_ANALYZER_NUMBER_OBJECT_CONVERSION = YES_AGGRESSIVE;
				CLANG_CXX_LANGUAGE_STANDARD = "gnu++14";
				CLANG_CXX_LIBRARY = "libc++";
				CLANG_ENABLE_MODULES = YES;
				CLANG_ENABLE_OBJC_ARC = YES;
				CLANG_ENABLE_OBJC_WEAK = YES;
				CLANG_WARN_BLOCK_CAPTURE_AUTORELEASING = YES;
				CLANG_WARN_BOOL_CONVERSION = YES;
				CLANG_WARN_COMMA = YES;
				CLANG_WARN_CONSTANT_CONVERSION = YES;
				CLANG_WARN_DEPRECATED_OBJC_IMPLEMENTATIONS = YES;
				CLANG_WARN_DIRECT_OBJC_ISA_USAGE = YES_ERROR;
				CLANG_WARN_DOCUMENTATION_COMMENTS = YES;
				CLANG_WARN_EMPTY_BODY = YES;
				CLANG_WARN_ENUM_CONVERSION = YES;
				CLANG_WARN_INFINITE_RECURSION = YES;
				CLANG_WARN_INT_CONVERSION = YES;
				CLANG_WARN_NON_LITERAL_NULL_CONVERSION = YES;
				CLANG_WARN_OBJC_IMPLICIT_RETAIN_SELF = YES;
				CLANG_WARN_OBJC_LITERAL_CONVERSION = YES;
				CLANG_WARN_OBJC_ROOT_CLASS = YES_ERROR;
				CLANG_WARN_RANGE_LOOP_ANALYSIS = YES;
				CLANG_WARN_STRICT_PROTOTYPES = YES;
				CLANG_WARN_SUSPICIOUS_MOVE = YES;
				CLANG_WARN_UNGUARDED_AVAILABILITY = YES_AGGRESSIVE;
				CLANG_WARN_UNREACHABLE_CODE = YES;
				CLANG_WARN__DUPLICATE_METHOD_MATCH = YES;
				CODE_SIGN_IDENTITY = "iPhone Developer";
				COPY_PHASE_STRIP = NO;
				DEBUG_INFORMATION_FORMAT = "dwarf-with-dsym";
				ENABLE_NS_ASSERTIONS = NO;
				ENABLE_STRICT_OBJC_MSGSEND = YES;
				GCC_C_LANGUAGE_STANDARD = gnu11;
				GCC_NO_COMMON_BLOCKS = YES;
				GCC_WARN_64_TO_32_BIT_CONVERSION = YES;
				GCC_WARN_ABOUT_RETURN_TYPE = YES_ERROR;
				GCC_WARN_UNDECLARED_SELECTOR = YES;
				GCC_WARN_UNINITIALIZED_AUTOS = YES_AGGRESSIVE;
				GCC_WARN_UNUSED_FUNCTION = YES;
				GCC_WARN_UNUSED_VARIABLE = YES;
				IPHONEOS_DEPLOYMENT_TARGET = 12.1;
				MTL_ENABLE_DEBUG_INFO = NO;
				MTL_FAST_MATH = YES;
				SDKROOT = iphoneos;
				SWIFT_COMPILATION_MODE = wholemodule;
				SWIFT_OPTIMIZATION_LEVEL = "-O";
				VALIDATE_PRODUCT = YES;
			};
			name = Release;
		};
		D874BE3422077E8C00E3E909 /* Debug */ = {
			isa = XCBuildConfiguration;
			buildSettings = {
				ASSETCATALOG_COMPILER_APPICON_NAME = AppIcon;
				CODE_SIGN_STYLE = Automatic;
				INFOPLIST_FILE = Test/Info.plist;
				LD_RUNPATH_SEARCH_PATHS = (
					"$(inherited)",
					"@executable_path/Frameworks",
				);
				PRODUCT_BUNDLE_IDENTIFIER = com.natedogg.Test;
				PRODUCT_NAME = "$(TARGET_NAME)";
				SWIFT_VERSION = 4.2;
				TARGETED_DEVICE_FAMILY = "1,2";
			};
			name = Debug;
		};
		D874BE3522077E8C00E3E909 /* Release */ = {
			isa = XCBuildConfiguration;
			buildSettings = {
				ASSETCATALOG_COMPILER_APPICON_NAME = AppIcon;
				CODE_SIGN_STYLE = Automatic;
				INFOPLIST_FILE = Test/Info.plist;
				LD_RUNPATH_SEARCH_PATHS = (
					"$(inherited)",
					"@executable_path/Frameworks",
				);
				PRODUCT_BUNDLE_IDENTIFIER = com.natedogg.Test;
				PRODUCT_NAME = "$(TARGET_NAME)";
				SWIFT_VERSION = 4.2;
				TARGETED_DEVICE_FAMILY = "1,2";
			};
			name = Release;
		};
		D874BE3722077E8C00E3E909 /* Debug */ = {
			isa = XCBuildConfiguration;
			buildSettings = {
				ALWAYS_EMBED_SWIFT_STANDARD_LIBRARIES = YES;
				BUNDLE_LOADER = "$(TEST_HOST)";
				CODE_SIGN_STYLE = Automatic;
				INFOPLIST_FILE = TestTests/Info.plist;
				LD_RUNPATH_SEARCH_PATHS = (
					"$(inherited)",
					"@executable_path/Frameworks",
					"@loader_path/Frameworks",
				);
				PRODUCT_BUNDLE_IDENTIFIER = com.natedogg.TestTests;
				PRODUCT_NAME = "$(TARGET_NAME)";
				SWIFT_VERSION = 4.2;
				TARGETED_DEVICE_FAMILY = "1,2";
				TEST_HOST = "$(BUILT_PRODUCTS_DIR)/Test.app/Test";
			};
			name = Debug;
		};
		D874BE3822077E8C00E3E909 /* Release */ = {
			isa = XCBuildConfiguration;
			buildSettings = {
				ALWAYS_EMBED_SWIFT_STANDARD_LIBRARIES = YES;
				BUNDLE_LOADER = "$(TEST_HOST)";
				CODE_SIGN_STYLE = Automatic;
				INFOPLIST_FILE = TestTests/Info.plist;
				LD_RUNPATH_SEARCH_PATHS = (
					"$(inherited)",
					"@executable_path/Frameworks",
					"@loader_path/Frameworks",
				);
				PRODUCT_BUNDLE_IDENTIFIER = com.natedogg.TestTests;
				PRODUCT_NAME = "$(TARGET_NAME)";
				SWIFT_VERSION = 4.2;
				TARGETED_DEVICE_FAMILY = "1,2";
				TEST_HOST = "$(BUILT_PRODUCTS_DIR)/Test.app/Test";
			};
			name = Release;
		};
		D874BE3A22077E8C00E3E909 /* Debug */ = {
			isa = XCBuildConfiguration;
			buildSettings = {
				ALWAYS_EMBED_SWIFT_STANDARD_LIBRARIES = YES;
				CODE_SIGN_STYLE = Automatic;
				INFOPLIST_FILE = TestUITests/Info.plist;
				LD_RUNPATH_SEARCH_PATHS = (
					"$(inherited)",
					"@executable_path/Frameworks",
					"@loader_path/Frameworks",
				);
				PRODUCT_BUNDLE_IDENTIFIER = com.natedogg.TestUITests;
				PRODUCT_NAME = "$(TARGET_NAME)";
				SWIFT_VERSION = 4.2;
				TARGETED_DEVICE_FAMILY = "1,2";
				TEST_TARGET_NAME = Test;
			};
			name = Debug;
		};
		D874BE3B22077E8C00E3E909 /* Release */ = {
			isa = XCBuildConfiguration;
			buildSettings = {
				ALWAYS_EMBED_SWIFT_STANDARD_LIBRARIES = YES;
				CODE_SIGN_STYLE = Automatic;
				INFOPLIST_FILE = TestUITests/Info.plist;
				LD_RUNPATH_SEARCH_PATHS = (
					"$(inherited)",
					"@executable_path/Frameworks",
					"@loader_path/Frameworks",
				);
				PRODUCT_BUNDLE_IDENTIFIER = com.natedogg.TestUITests;
				PRODUCT_NAME = "$(TARGET_NAME)";
				SWIFT_VERSION = 4.2;
				TARGETED_DEVICE_FAMILY = "1,2";
				TEST_TARGET_NAME = Test;
			};
			name = Release;
		};
/* End XCBuildConfiguration section */

/* Begin XCConfigurationList section */
		D874BE0622077E8B00E3E909 /* Build configuration list for PBXProject "Test" */ = {
			isa = XCConfigurationList;
			buildConfigurations = (
				D874BE3122077E8C00E3E909 /* Debug */,
				D874BE3222077E8C00E3E909 /* Release */,
			);
			defaultConfigurationIsVisible = 0;
			defaultConfigurationName = Release;
		};
		D874BE3322077E8C00E3E909 /* Build configuration list for PBXNativeTarget "Test" */ = {
			isa = XCConfigurationList;
			buildConfigurations = (
				D874BE3422077E8C00E3E909 /* Debug */,
				D874BE3522077E8C00E3E909 /* Release */,
			);
			defaultConfigurationIsVisible = 0;
			defaultConfigurationName = Release;
		};
		D874BE3622077E8C00E3E909 /* Build configuration list for PBXNativeTarget "TestTests" */ = {
			isa = XCConfigurationList;
			buildConfigurations = (
				D874BE3722077E8C00E3E909 /* Debug */,
				D874BE3822077E8C00E3E909 /* Release */,
			);
			defaultConfigurationIsVisible = 0;
			defaultConfigurationName = Release;
		};
		D874BE3922077E8C00E3E909 /* Build configuration list for PBXNativeTarget "TestUITests" */ = {
			isa = XCConfigurationList;
			buildConfigurations = (
				D874BE3A22077E8C00E3E909 /* Debug */,
				D874BE3B22077E8C00E3E909 /* Release */,
			);
			defaultConfigurationIsVisible = 0;
			defaultConfigurationName = Release;
		};
/* End XCConfigurationList section */
	};
	rootObject = D874BE0322077E8B00E3E909 /* Project object */;
}
